
Microsoft Visual Studio Solution File, Format Version 12.00
# Visual Studio Version 17
VisualStudioVersion = 17.13.35931.197
MinimumVisualStudioVersion = 10.0.40219.1
Project("{FAE04EC0-301F-11D3-BF4B-00C04F79EFBC}") = "Modules.Orders", "Modules.Orders\Modules.Orders.csproj", "{453CCFFD-7E30-4580-8153-549527070D94}"
EndProject
Project("{FAE04EC0-301F-11D3-BF4B-00C04F79EFBC}") = "Shared", "Shared\Shared.csproj", "{12B554FE-DAEF-4FB2-8E5F-382A21342350}"
EndProject
Project("{FAE04EC0-301F-11D3-BF4B-00C04F79EFBC}") = "CoreAPI", "CoreAPI\CoreAPI.csproj", "{8D6B33C5-CEE1-20B5-A207-99CBB61F699C}"
EndProject
Project("{2150E333-8FDC-42A3-9474-1A3956D46DE8}") = "Itens de Solução", "Itens de Solução", "{9616B7B3-F277-4ACB-8F4A-8253917218DA}"
	ProjectSection(SolutionItems) = preProject
		.editorconfig = .editorconfig
		.env = .env
		.gitignore = .gitignore
		Directory.Packages.props = Directory.Packages.props
		example.env = example.env
		LEIAME.md = LEIAME.md
	EndProjectSection
EndProject
Project("{E53339B2-1760-4266-BCC7-CA923CBCF16C}") = "docker-compose", "docker-compose.dcproj", "{81DDED9D-158B-E303-5F62-77A2896D2A5A}"
EndProject
Project("{FAE04EC0-301F-11D3-BF4B-00C04F79EFBC}") = "Modules.Users", "Modules.Users\Modules.Users.csproj", "{7A680A05-7F1E-4C4C-97ED-9A0A043967ED}"
EndProject
Global
	GlobalSection(SolutionConfigurationPlatforms) = preSolution
		Debug|Any CPU = Debug|Any CPU
		Release|Any CPU = Release|Any CPU
	EndGlobalSection
	GlobalSection(ProjectConfigurationPlatforms) = postSolution
		{453CCFFD-7E30-4580-8153-549527070D94}.Debug|Any CPU.ActiveCfg = Debug|Any CPU
		{453CCFFD-7E30-4580-8153-549527070D94}.Debug|Any CPU.Build.0 = Debug|Any CPU
		{453CCFFD-7E30-4580-8153-549527070D94}.Release|Any CPU.ActiveCfg = Release|Any CPU
		{453CCFFD-7E30-4580-8153-549527070D94}.Release|Any CPU.Build.0 = Release|Any CPU
		{12B554FE-DAEF-4FB2-8E5F-382A21342350}.Debug|Any CPU.ActiveCfg = Debug|Any CPU
		{12B554FE-DAEF-4FB2-8E5F-382A21342350}.Debug|Any CPU.Build.0 = Debug|Any CPU
		{12B554FE-DAEF-4FB2-8E5F-382A21342350}.Release|Any CPU.ActiveCfg = Release|Any CPU
		{12B554FE-DAEF-4FB2-8E5F-382A21342350}.Release|Any CPU.Build.0 = Release|Any CPU
		{8D6B33C5-CEE1-20B5-A207-99CBB61F699C}.Debug|Any CPU.ActiveCfg = Debug|Any CPU
		{8D6B33C5-CEE1-20B5-A207-99CBB61F699C}.Debug|Any CPU.Build.0 = Debug|Any CPU
		{8D6B33C5-CEE1-20B5-A207-99CBB61F699C}.Release|Any CPU.ActiveCfg = Release|Any CPU
		{8D6B33C5-CEE1-20B5-A207-99CBB61F699C}.Release|Any CPU.Build.0 = Release|Any CPU
		{81DDED9D-158B-E303-5F62-77A2896D2A5A}.Debug|Any CPU.ActiveCfg = Debug|Any CPU
		{81DDED9D-158B-E303-5F62-77A2896D2A5A}.Debug|Any CPU.Build.0 = Debug|Any CPU
		{81DDED9D-158B-E303-5F62-77A2896D2A5A}.Release|Any CPU.ActiveCfg = Release|Any CPU
		{81DDED9D-158B-E303-5F62-77A2896D2A5A}.Release|Any CPU.Build.0 = Release|Any CPU
		{7A680A05-7F1E-4C4C-97ED-9A0A043967ED}.Debug|Any CPU.ActiveCfg = Debug|Any CPU
		{7A680A05-7F1E-4C4C-97ED-9A0A043967ED}.Debug|Any CPU.Build.0 = Debug|Any CPU
		{7A680A05-7F1E-4C4C-97ED-9A0A043967ED}.Release|Any CPU.ActiveCfg = Release|Any CPU
		{7A680A05-7F1E-4C4C-97ED-9A0A043967ED}.Release|Any CPU.Build.0 = Release|Any CPU
	EndGlobalSection
	GlobalSection(SolutionProperties) = preSolution
		HideSolutionNode = FALSE
	EndGlobalSection
	GlobalSection(ExtensibilityGlobals) = postSolution
		SolutionGuid = {B8464F94-8225-4818-B185-1FF2C1ABB6F5}
	EndGlobalSection
EndGlobal
